
Microsoft Visual Studio Solution File, Format Version 12.00
# Visual Studio Version 17
VisualStudioVersion = 17.4.33205.214
MinimumVisualStudioVersion = 10.0.40219.1
Project("{FAE04EC0-301F-11D3-BF4B-00C04F79EFBC}") = "Lab02-ATM", "Lab02-ATM.csproj", "{9C0D3C00-AC0C-4193-9179-3FE32CF453B1}"
EndProject
Project("{FAE04EC0-301F-11D3-BF4B-00C04F79EFBC}") = "TestATM", "..\TestATM\TestATM.csproj", "{DE863419-FE89-49AA-8585-0CA60553DD4C}"
EndProject
Global
	GlobalSection(SolutionConfigurationPlatforms) = preSolution
		Debug|Any CPU = Debug|Any CPU
		Release|Any CPU = Release|Any CPU
	EndGlobalSection
	GlobalSection(ProjectConfigurationPlatforms) = postSolution
		{9C0D3C00-AC0C-4193-9179-3FE32CF453B1}.Debug|Any CPU.ActiveCfg = Debug|Any CPU
		{9C0D3C00-AC0C-4193-9179-3FE32CF453B1}.Debug|Any CPU.Build.0 = Debug|Any CPU
		{9C0D3C00-AC0C-4193-9179-3FE32CF453B1}.Release|Any CPU.ActiveCfg = Release|Any CPU
		{9C0D3C00-AC0C-4193-9179-3FE32CF453B1}.Release|Any CPU.Build.0 = Release|Any CPU
		{DE863419-FE89-49AA-8585-0CA60553DD4C}.Debug|Any CPU.ActiveCfg = Debug|Any CPU
		{DE863419-FE89-49AA-8585-0CA60553DD4C}.Debug|Any CPU.Build.0 = Debug|Any CPU
		{DE863419-FE89-49AA-8585-0CA60553DD4C}.Release|Any CPU.ActiveCfg = Release|Any CPU
		{DE863419-FE89-49AA-8585-0CA60553DD4C}.Release|Any CPU.Build.0 = Release|Any CPU
	EndGlobalSection
	GlobalSection(SolutionProperties) = preSolution
		HideSolutionNode = FALSE
	EndGlobalSection
	GlobalSection(ExtensibilityGlobals) = postSolution
		SolutionGuid = {616C6046-04D3-4934-98C6-DF751260FEE6}
	EndGlobalSection
EndGlobal
